
Microsoft Visual Studio Solution File, Format Version 12.00
Project("{FAE04EC0-301F-11D3-BF4B-00C04F79EFBC}") = "BlazorGeneric", "BlazorGeneric.csproj", "{3866E010-72CC-480A-9C5F-38DEBD5EEB38}"
EndProject
Global
	GlobalSection(SolutionConfigurationPlatforms) = preSolution
		Debug|Any CPU = Debug|Any CPU
		Release|Any CPU = Release|Any CPU
	EndGlobalSection
	GlobalSection(ProjectConfigurationPlatforms) = postSolution
		{3866E010-72CC-480A-9C5F-38DEBD5EEB38}.Debug|Any CPU.ActiveCfg = Debug|Any CPU
		{3866E010-72CC-480A-9C5F-38DEBD5EEB38}.Debug|Any CPU.Build.0 = Debug|Any CPU
		{3866E010-72CC-480A-9C5F-38DEBD5EEB38}.Release|Any CPU.ActiveCfg = Release|Any CPU
		{3866E010-72CC-480A-9C5F-38DEBD5EEB38}.Release|Any CPU.Build.0 = Release|Any CPU
	EndGlobalSection
EndGlobal
